
Microsoft Visual Studio Solution File, Format Version 12.00
# Visual Studio 14
VisualStudioVersion = 14.0.25420.1
MinimumVisualStudioVersion = 10.0.40219.1
Project("{FAE04EC0-301F-11D3-BF4B-00C04F79EFBC}") = "RepositoryPattern.Console", "RepositoryPattern.Console\RepositoryPattern.Console.csproj", "{2FA8C2AF-7DF5-4B9A-9F8B-3623E6F36D10}"
EndProject
Project("{2150E333-8FDC-42A3-9474-1A3956D46DE8}") = "Solution Items", "Solution Items", "{80F7EE8B-1B73-46BA-98BC-7F0FAFA143B4}"
	ProjectSection(SolutionItems) = preProject
		Readme.md = Readme.md
	EndProjectSection
EndProject
Project("{FAE04EC0-301F-11D3-BF4B-00C04F79EFBC}") = "RepositoryPattern.EFSource", "RepositoryPattern.EFSource\RepositoryPattern.EFSource.csproj", "{C8235004-D4B9-4958-9894-1792BBDD09EC}"
EndProject
Project("{FAE04EC0-301F-11D3-BF4B-00C04F79EFBC}") = "RepositoryPattern.Core", "RepositoryPattern.Core\RepositoryPattern.Core.csproj", "{86BA04DD-C437-4EE2-B42E-C79FA99675FB}"
EndProject
Project("{FAE04EC0-301F-11D3-BF4B-00C04F79EFBC}") = "RepositoryPattern.Repository", "RepositoryPattern.Repository\RepositoryPattern.Repository.csproj", "{3A03492C-73A0-4532-B2FC-E126C6D98305}"
EndProject
Project("{FAE04EC0-301F-11D3-BF4B-00C04F79EFBC}") = "RepositoryPattern.XMLSource", "RepositoryPattern.XMLSource\RepositoryPattern.XMLSource.csproj", "{0E46C7E2-82D0-4836-8E98-01059DD9D47A}"
EndProject
Global
	GlobalSection(SolutionConfigurationPlatforms) = preSolution
		Debug|Any CPU = Debug|Any CPU
		Release|Any CPU = Release|Any CPU
	EndGlobalSection
	GlobalSection(ProjectConfigurationPlatforms) = postSolution
		{2FA8C2AF-7DF5-4B9A-9F8B-3623E6F36D10}.Debug|Any CPU.ActiveCfg = Debug|Any CPU
		{2FA8C2AF-7DF5-4B9A-9F8B-3623E6F36D10}.Debug|Any CPU.Build.0 = Debug|Any CPU
		{2FA8C2AF-7DF5-4B9A-9F8B-3623E6F36D10}.Release|Any CPU.ActiveCfg = Release|Any CPU
		{2FA8C2AF-7DF5-4B9A-9F8B-3623E6F36D10}.Release|Any CPU.Build.0 = Release|Any CPU
		{C8235004-D4B9-4958-9894-1792BBDD09EC}.Debug|Any CPU.ActiveCfg = Debug|Any CPU
		{C8235004-D4B9-4958-9894-1792BBDD09EC}.Debug|Any CPU.Build.0 = Debug|Any CPU
		{C8235004-D4B9-4958-9894-1792BBDD09EC}.Release|Any CPU.ActiveCfg = Release|Any CPU
		{C8235004-D4B9-4958-9894-1792BBDD09EC}.Release|Any CPU.Build.0 = Release|Any CPU
		{86BA04DD-C437-4EE2-B42E-C79FA99675FB}.Debug|Any CPU.ActiveCfg = Debug|Any CPU
		{86BA04DD-C437-4EE2-B42E-C79FA99675FB}.Debug|Any CPU.Build.0 = Debug|Any CPU
		{86BA04DD-C437-4EE2-B42E-C79FA99675FB}.Release|Any CPU.ActiveCfg = Release|Any CPU
		{86BA04DD-C437-4EE2-B42E-C79FA99675FB}.Release|Any CPU.Build.0 = Release|Any CPU
		{3A03492C-73A0-4532-B2FC-E126C6D98305}.Debug|Any CPU.ActiveCfg = Debug|Any CPU
		{3A03492C-73A0-4532-B2FC-E126C6D98305}.Debug|Any CPU.Build.0 = Debug|Any CPU
		{3A03492C-73A0-4532-B2FC-E126C6D98305}.Release|Any CPU.ActiveCfg = Release|Any CPU
		{3A03492C-73A0-4532-B2FC-E126C6D98305}.Release|Any CPU.Build.0 = Release|Any CPU
		{0E46C7E2-82D0-4836-8E98-01059DD9D47A}.Debug|Any CPU.ActiveCfg = Debug|Any CPU
		{0E46C7E2-82D0-4836-8E98-01059DD9D47A}.Debug|Any CPU.Build.0 = Debug|Any CPU
		{0E46C7E2-82D0-4836-8E98-01059DD9D47A}.Release|Any CPU.ActiveCfg = Release|Any CPU
		{0E46C7E2-82D0-4836-8E98-01059DD9D47A}.Release|Any CPU.Build.0 = Release|Any CPU
	EndGlobalSection
	GlobalSection(SolutionProperties) = preSolution
		HideSolutionNode = FALSE
	EndGlobalSection
EndGlobal
